
Microsoft Visual Studio Solution File, Format Version 11.00
# Visual Studio 2010
Project("{FAE04EC0-301F-11D3-BF4B-00C04F79EFBC}") = "AgisPoc", "Assembly-CSharp.csproj", "{13596284-05A2-1C2C-0BC0-DF54CEB2ECA0}"
EndProject
Project("{FAE04EC0-301F-11D3-BF4B-00C04F79EFBC}") = "AgisPoc", "Assembly-CSharp-Editor.csproj", "{48A8BEF8-A1FE-56FD-A21C-93EB5CA4191B}"
EndProject
Global
	GlobalSection(SolutionConfigurationPlatforms) = preSolution
		Debug|Any CPU = Debug|Any CPU
		Release|Any CPU = Release|Any CPU
	EndGlobalSection
	GlobalSection(ProjectConfigurationPlatforms) = postSolution
		{13596284-05A2-1C2C-0BC0-DF54CEB2ECA0}.Debug|Any CPU.ActiveCfg = Debug|Any CPU
		{13596284-05A2-1C2C-0BC0-DF54CEB2ECA0}.Debug|Any CPU.Build.0 = Debug|Any CPU
		{13596284-05A2-1C2C-0BC0-DF54CEB2ECA0}.Release|Any CPU.ActiveCfg = Release|Any CPU
		{13596284-05A2-1C2C-0BC0-DF54CEB2ECA0}.Release|Any CPU.Build.0 = Release|Any CPU
		{48A8BEF8-A1FE-56FD-A21C-93EB5CA4191B}.Debug|Any CPU.ActiveCfg = Debug|Any CPU
		{48A8BEF8-A1FE-56FD-A21C-93EB5CA4191B}.Debug|Any CPU.Build.0 = Debug|Any CPU
		{48A8BEF8-A1FE-56FD-A21C-93EB5CA4191B}.Release|Any CPU.ActiveCfg = Release|Any CPU
		{48A8BEF8-A1FE-56FD-A21C-93EB5CA4191B}.Release|Any CPU.Build.0 = Release|Any CPU
	EndGlobalSection
	GlobalSection(SolutionProperties) = preSolution
		HideSolutionNode = FALSE
	EndGlobalSection
	GlobalSection(MonoDevelopProperties) = preSolution
		StartupItem = Assembly-CSharp.csproj
	EndGlobalSection
EndGlobal
